{
    "_meta": {
        "hash": {
            "sha256": "734aefb6a855ba5af97c915b02686abdd9eaf29ea501cd3a7c15398c2cb8fe3a"
        },
        "pipfile-spec": 6,
        "requires": {
            "python_version": "3.8"
        },
        "sources": [
            {
                "name": "pypi",
                "url": "https://pypi.org/simple",
                "verify_ssl": true
            }
        ]
    },
    "default": {
        "boto3": {
            "hashes": [
                "sha256:1c0003609e63e8cff51dee7a49e904bcdb20e140b5f7a10a03006289fd8c8dc1",
                "sha256:c919dac9773115025e1e2a7e462f60ca082e322bb6f4354247523e4226133b0b"
            ],
            "index": "pypi",
            "version": "==1.16.63"
        },
        "botocore": {
            "hashes": [
                "sha256:ad4adfcc195b5401d84b0c65d3a89e507c1d54c201879c8761ff10ef5c361e21",
                "sha256:d3694f6ef918def8082513e5ef309cd6cd83b612e9984e3a66e8adc98c650a92"
            ],
            "version": "==1.19.63"
        },
        "jmespath": {
            "hashes": [
                "sha256:b85d0567b8666149a93172712e68920734333c0ce7e89b78b3e987f71e5ed4f9",
                "sha256:cdf6525904cc597730141d61b36f2e4b8ecc257c420fa2f4549bac2c2d0cb72f"
            ],
            "markers": "python_version >= '2.6' and python_version not in '3.0, 3.1, 3.2, 3.3'",
            "version": "==0.10.0"
        },
        "python-dateutil": {
            "hashes": [
                "sha256:37dd54208da7e1cd875388217d5e00ebd4179249f90fb72437e91a35459a0ad3",
                "sha256:a8b2bc7bffae282281c8140a97d3aa9c14da0b136dfe83f850eea9a5f7470427"
            ],
            "markers": "python_version >= '2.7' and python_version not in '3.0, 3.1, 3.2, 3.3'",
            "version": "==2.9.0.post0"
        },
        "s3transfer": {
            "hashes": [
                "sha256:35627b86af8ff97e7ac27975fe0a98a312814b46c6333d8a6b889627bcd80994",
                "sha256:efa5bd92a897b6a8d5c1383828dca3d52d0790e0756d49740563a3fb6ed03246"
            ],
            "version": "==0.3.7"
        },
        "six": {
            "hashes": [
                "sha256:1e61c37477a1626458e36f7b1d82aa5c9b094fa4802892072e49de9c60c4c926",
                "sha256:8abb2f1d86890a2dfb989f9a77cfcfd3e47c2a354b01111771326f8aa26e0254"
            ],
            "markers": "python_version >= '2.7' and python_version not in '3.0, 3.1, 3.2, 3.3'",
            "version": "==1.16.0"
        },
        "urllib3": {
            "hashes": [
                "sha256:37a0344459b199fce0e80b0d3569837ec6b6937435c5244e7fd73fa6006830f3",
                "sha256:3e3d753a8618b86d7de333b4223005f68720bcd6a7d2bcb9fbd2229ec7c1e429"
            ],
            "markers": "python_version != '3.4'",
            "version": "==1.26.19"
        }
    },
    "develop": {
        "attrs": {
            "hashes": [
                "sha256:935dc3b529c262f6cf76e50877d35a4bd3c1de194fd41f47a2b7ae8f19971f30",
                "sha256:99b87a485a5820b23b879f04c2305b44b951b502fd64be915879d77a7e8fc6f1"
            ],
            "markers": "python_version >= '3.7'",
            "version": "==23.2.0"
        },
        "more-itertools": {
            "hashes": [
                "sha256:e5d93ef411224fbcef366a6e8ddc4c5781bc6359d43412a65dd5964e46111463",
                "sha256:ea6a02e24a9161e51faad17a8782b92a0df82c12c1c8886fec7f0c3fa1a1b320"
            ],
            "markers": "python_version >= '3.8'",
            "version": "==10.3.0"
        },
        "packaging": {
            "hashes": [
                "sha256:026ed72c8ed3fcce5bf8950572258698927fd1dbda10a5e981cdf0ac37f4f002",
                "sha256:5b8f2217dbdbd2f7f384c41c628544e6d52f2d0f53c6d0c3ea61aa5d1d7ff124"
            ],
            "markers": "python_version >= '3.8'",
            "version": "==24.1"
        },
        "pluggy": {
            "hashes": [
                "sha256:15b2acde666561e1298d71b523007ed7364de07029219b604cf808bfa1c765b0",
                "sha256:966c145cd83c96502c3c3868f50408687b38434af77734af1e9ca461a4081d2d"
            ],
            "markers": "python_version >= '2.7' and python_version not in '3.0, 3.1, 3.2, 3.3'",
            "version": "==0.13.1"
        },
        "py": {
            "hashes": [
                "sha256:51c75c4126074b472f746a24399ad32f6053d1b34b68d2fa41e558e6f4a98719",
                "sha256:607c53218732647dff4acdfcd50cb62615cedf612e72d1724fb1a0cc6405b378"
            ],
            "markers": "python_version >= '2.7' and python_version not in '3.0, 3.1, 3.2, 3.3, 3.4'",
            "version": "==1.11.0"
        },
        "pytest": {
            "hashes": [
                "sha256:5c0db86b698e8f170ba4582a492248919255fcd4c79b1ee64ace34301fb589a1",
                "sha256:7979331bfcba207414f5e1263b5a0f8f521d0f457318836a7355531ed1a4c7d8"
            ],
            "index": "pypi",
            "markers": "python_version >= '3.5'",
            "version": "==5.4.3"
        },
        "wcwidth": {
            "hashes": [
                "sha256:3da69048e4540d84af32131829ff948f1e022c1c6bdb8d6102117aac784f6859",
                "sha256:72ea0c06399eb286d978fdedb6923a9eb47e1c486ce63e9b4e64fc18303972b5"
            ],
            "version": "==0.2.13"
        }
    }
}
